
Microsoft Visual Studio Solution File, Format Version 12.00
Project("{FAE04EC0-301F-11D3-BF4B-00C04F79EFBC}") = "day1", "day1\day1.csproj", "{96A65820-60F5-4158-977F-6E6F707C0D60}"
EndProject
Project("{FAE04EC0-301F-11D3-BF4B-00C04F79EFBC}") = "dag2", "dag2\dag2.csproj", "{A2839CD8-0926-494E-9DBF-8CFE70EFD5B8}"
EndProject
Project("{FAE04EC0-301F-11D3-BF4B-00C04F79EFBC}") = "dag2.2", "dag2.2\dag2.2.csproj", "{F2007E86-368F-4CB4-B1CE-0328ACBB5C93}"
EndProject
Project("{FAE04EC0-301F-11D3-BF4B-00C04F79EFBC}") = "day3-1", "day3-1\day3-1.csproj", "{214DCEFE-3365-4A6A-BB00-D171C250A2D9}"
EndProject
Project("{FAE04EC0-301F-11D3-BF4B-00C04F79EFBC}") = "dag3-2", "dag3-2\dag3-2.csproj", "{EA13328E-E72B-4D28-8EA6-664231A12BAA}"
EndProject
Global
	GlobalSection(SolutionConfigurationPlatforms) = preSolution
		Debug|Any CPU = Debug|Any CPU
		Release|Any CPU = Release|Any CPU
	EndGlobalSection
	GlobalSection(ProjectConfigurationPlatforms) = postSolution
		{96A65820-60F5-4158-977F-6E6F707C0D60}.Debug|Any CPU.ActiveCfg = Debug|Any CPU
		{96A65820-60F5-4158-977F-6E6F707C0D60}.Debug|Any CPU.Build.0 = Debug|Any CPU
		{96A65820-60F5-4158-977F-6E6F707C0D60}.Release|Any CPU.ActiveCfg = Release|Any CPU
		{96A65820-60F5-4158-977F-6E6F707C0D60}.Release|Any CPU.Build.0 = Release|Any CPU
		{A2839CD8-0926-494E-9DBF-8CFE70EFD5B8}.Debug|Any CPU.ActiveCfg = Debug|Any CPU
		{A2839CD8-0926-494E-9DBF-8CFE70EFD5B8}.Debug|Any CPU.Build.0 = Debug|Any CPU
		{A2839CD8-0926-494E-9DBF-8CFE70EFD5B8}.Release|Any CPU.ActiveCfg = Release|Any CPU
		{A2839CD8-0926-494E-9DBF-8CFE70EFD5B8}.Release|Any CPU.Build.0 = Release|Any CPU
		{F2007E86-368F-4CB4-B1CE-0328ACBB5C93}.Debug|Any CPU.ActiveCfg = Debug|Any CPU
		{F2007E86-368F-4CB4-B1CE-0328ACBB5C93}.Debug|Any CPU.Build.0 = Debug|Any CPU
		{F2007E86-368F-4CB4-B1CE-0328ACBB5C93}.Release|Any CPU.ActiveCfg = Release|Any CPU
		{F2007E86-368F-4CB4-B1CE-0328ACBB5C93}.Release|Any CPU.Build.0 = Release|Any CPU
		{214DCEFE-3365-4A6A-BB00-D171C250A2D9}.Debug|Any CPU.ActiveCfg = Debug|Any CPU
		{214DCEFE-3365-4A6A-BB00-D171C250A2D9}.Debug|Any CPU.Build.0 = Debug|Any CPU
		{214DCEFE-3365-4A6A-BB00-D171C250A2D9}.Release|Any CPU.ActiveCfg = Release|Any CPU
		{214DCEFE-3365-4A6A-BB00-D171C250A2D9}.Release|Any CPU.Build.0 = Release|Any CPU
		{EA13328E-E72B-4D28-8EA6-664231A12BAA}.Debug|Any CPU.ActiveCfg = Debug|Any CPU
		{EA13328E-E72B-4D28-8EA6-664231A12BAA}.Debug|Any CPU.Build.0 = Debug|Any CPU
		{EA13328E-E72B-4D28-8EA6-664231A12BAA}.Release|Any CPU.ActiveCfg = Release|Any CPU
		{EA13328E-E72B-4D28-8EA6-664231A12BAA}.Release|Any CPU.Build.0 = Release|Any CPU
	EndGlobalSection
EndGlobal
